
Microsoft Visual Studio Solution File, Format Version 12.00
# Visual Studio Version 16
VisualStudioVersion = 16.0.30011.22
MinimumVisualStudioVersion = 10.0.40219.1
Project("{FAE04EC0-301F-11D3-BF4B-00C04F79EFBC}") = "BookManager", "BookManager\BookManager.csproj", "{1F01B5D2-C726-4FF7-9F94-654ED6F140BE}"
EndProject
Project("{FAE04EC0-301F-11D3-BF4B-00C04F79EFBC}") = "BookManager.Controllers", "BookManager.Controllers\BookManager.Controllers.csproj", "{A415E353-A8DF-4AD1-BA8F-1D77BD7CCE3C}"
EndProject
Project("{FAE04EC0-301F-11D3-BF4B-00C04F79EFBC}") = "BookManager.Models", "BookManager.Models\BookManager.Models.csproj", "{8F94D91D-69DE-43AC-AE22-825860CAF9BE}"
EndProject
Project("{FAE04EC0-301F-11D3-BF4B-00C04F79EFBC}") = "BookManager.Data", "BookManager.Data\BookManager.Data.csproj", "{5B00D23E-3A9A-47B5-91E4-E8B5AC4F586B}"
EndProject
Project("{FAE04EC0-301F-11D3-BF4B-00C04F79EFBC}") = "BookManager.View", "BookManager.View\BookManager.View.csproj", "{502FC7A5-1AEE-401E-8FF6-03CDA41FC0FF}"
EndProject
Global
	GlobalSection(SolutionConfigurationPlatforms) = preSolution
		Debug|Any CPU = Debug|Any CPU
		Release|Any CPU = Release|Any CPU
	EndGlobalSection
	GlobalSection(ProjectConfigurationPlatforms) = postSolution
		{1F01B5D2-C726-4FF7-9F94-654ED6F140BE}.Debug|Any CPU.ActiveCfg = Debug|Any CPU
		{1F01B5D2-C726-4FF7-9F94-654ED6F140BE}.Debug|Any CPU.Build.0 = Debug|Any CPU
		{1F01B5D2-C726-4FF7-9F94-654ED6F140BE}.Release|Any CPU.ActiveCfg = Release|Any CPU
		{1F01B5D2-C726-4FF7-9F94-654ED6F140BE}.Release|Any CPU.Build.0 = Release|Any CPU
		{A415E353-A8DF-4AD1-BA8F-1D77BD7CCE3C}.Debug|Any CPU.ActiveCfg = Debug|Any CPU
		{A415E353-A8DF-4AD1-BA8F-1D77BD7CCE3C}.Debug|Any CPU.Build.0 = Debug|Any CPU
		{A415E353-A8DF-4AD1-BA8F-1D77BD7CCE3C}.Release|Any CPU.ActiveCfg = Release|Any CPU
		{A415E353-A8DF-4AD1-BA8F-1D77BD7CCE3C}.Release|Any CPU.Build.0 = Release|Any CPU
		{8F94D91D-69DE-43AC-AE22-825860CAF9BE}.Debug|Any CPU.ActiveCfg = Debug|Any CPU
		{8F94D91D-69DE-43AC-AE22-825860CAF9BE}.Debug|Any CPU.Build.0 = Debug|Any CPU
		{8F94D91D-69DE-43AC-AE22-825860CAF9BE}.Release|Any CPU.ActiveCfg = Release|Any CPU
		{8F94D91D-69DE-43AC-AE22-825860CAF9BE}.Release|Any CPU.Build.0 = Release|Any CPU
		{5B00D23E-3A9A-47B5-91E4-E8B5AC4F586B}.Debug|Any CPU.ActiveCfg = Debug|Any CPU
		{5B00D23E-3A9A-47B5-91E4-E8B5AC4F586B}.Debug|Any CPU.Build.0 = Debug|Any CPU
		{5B00D23E-3A9A-47B5-91E4-E8B5AC4F586B}.Release|Any CPU.ActiveCfg = Release|Any CPU
		{5B00D23E-3A9A-47B5-91E4-E8B5AC4F586B}.Release|Any CPU.Build.0 = Release|Any CPU
		{502FC7A5-1AEE-401E-8FF6-03CDA41FC0FF}.Debug|Any CPU.ActiveCfg = Debug|Any CPU
		{502FC7A5-1AEE-401E-8FF6-03CDA41FC0FF}.Debug|Any CPU.Build.0 = Debug|Any CPU
		{502FC7A5-1AEE-401E-8FF6-03CDA41FC0FF}.Release|Any CPU.ActiveCfg = Release|Any CPU
		{502FC7A5-1AEE-401E-8FF6-03CDA41FC0FF}.Release|Any CPU.Build.0 = Release|Any CPU
	EndGlobalSection
	GlobalSection(SolutionProperties) = preSolution
		HideSolutionNode = FALSE
	EndGlobalSection
	GlobalSection(ExtensibilityGlobals) = postSolution
		SolutionGuid = {469EB361-B7B3-4487-8A6F-1B0C16A6A277}
	EndGlobalSection
EndGlobal
